<?xml version="1.0" encoding="utf-8"?>
<Project ToolsVersion="4.0" xmlns="http://schemas.microsoft.com/developer/msbuild/2003">
  <ItemGroup>
    <Filter Include="Arquivos de Origem">
      <UniqueIdentifier>{4FC737F1-C7A5-4376-A066-2A32D752A2FF}</UniqueIdentifier>
      <Extensions>cpp;c;cc;cxx;c++;cppm;ixx;def;odl;idl;hpj;bat;asm;asmx</Extensions>
    </Filter>
    <Filter Include="Arquivos de Cabeçalho">
      <UniqueIdentifier>{93995380-89BD-4b04-88EB-625FBE52EBFB}</UniqueIdentifier>
      <Extensions>h;hh;hpp;hxx;h++;hm;inl;inc;ipp;xsd</Extensions>
    </Filter>
    <Filter Include="Arquivos de Recurso">
      <UniqueIdentifier>{67DA6AB6-F800-4c08-8B7A-83BB121AAD01}</UniqueIdentifier>
      <Extensions>rc;ico;cur;bmp;dlg;rc2;rct;bin;rgs;gif;jpg;jpeg;jpe;resx;tiff;tif;png;wav;mfcribbon-ms</Extensions>
    </Filter>
    <Filter Include="Arquivos de Cabeçalho\CPU">
      <UniqueIdentifier>{8a105d22-3163-4f50-81b6-208adfa713de}</UniqueIdentifier>
    </Filter>
    <Filter Include="Arquivos de Cabeçalho\PPU">
      <UniqueIdentifier>{a3a5e426-55ef-4de4-b288-a8abc524c586}</UniqueIdentifier>
    </Filter>
    <Filter Include="Arquivos de Origem\CPU">
      <UniqueIdentifier>{3acbc958-f342-4299-a522-69f9451f021e}</UniqueIdentifier>
    </Filter>
    <Filter Include="Arquivos de Origem\PPU">
      <UniqueIdentifier>{2004b5cf-347f-4ab1-840e-6bc166902983}</UniqueIdentifier>
    </Filter>
    <Filter Include="Arquivos de Cabeçalho\Cartridge">
      <UniqueIdentifier>{ead2cc9a-1b74-4b5c-956f-5fb16de18e6d}</UniqueIdentifier>
    </Filter>
    <Filter Include="Arquivos de Origem\Cartridge">
      <UniqueIdentifier>{b6f0e7fa-2815-4ef6-848b-c3a0bd77cb51}</UniqueIdentifier>
    </Filter>
    <Filter Include="Arquivos de Origem\Mappers">
      <UniqueIdentifier>{bcc9709f-927f-41ee-bd9e-2a414e9f3923}</UniqueIdentifier>
    </Filter>
    <Filter Include="Arquivos de Cabeçalho\Mappers">
      <UniqueIdentifier>{0e00fa77-fd36-4488-b255-ee2c6a1b1d8f}</UniqueIdentifier>
    </Filter>
    <Filter Include="Arquivos de Origem\imgui">
      <UniqueIdentifier>{637cfc54-be9b-441d-9473-1d3d9e468c9d}</UniqueIdentifier>
    </Filter>
    <Filter Include="Arquivos de Cabeçalho\imgui">
      <UniqueIdentifier>{2e2406ee-68b9-4af4-af0e-9c222f2f8e81}</UniqueIdentifier>
    </Filter>
  </ItemGroup>
  <ItemGroup>
    <ClInclude Include="Bus.h">
      <Filter>Arquivos de Cabeçalho</Filter>
    </ClInclude>
    <ClInclude Include="olc6502.h">
      <Filter>Arquivos de Cabeçalho\CPU</Filter>
    </ClInclude>
    <ClInclude Include="olc2C02.h">
      <Filter>Arquivos de Cabeçalho\PPU</Filter>
    </ClInclude>
    <ClInclude Include="olcPixelGameEngine.h">
      <Filter>Arquivos de Cabeçalho</Filter>
    </ClInclude>
    <ClInclude Include="Cartridge.h">
      <Filter>Arquivos de Cabeçalho\Cartridge</Filter>
    </ClInclude>
    <ClInclude Include="Mapper.h">
      <Filter>Arquivos de Cabeçalho\Mappers</Filter>
    </ClInclude>
    <ClInclude Include="Mapper_000.h">
      <Filter>Arquivos de Cabeçalho\Mappers</Filter>
    </ClInclude>
    <ClInclude Include="imgui\imstb_rectpack.h">
      <Filter>Arquivos de Cabeçalho\imgui</Filter>
    </ClInclude>
    <ClInclude Include="imgui\imstb_textedit.h">
      <Filter>Arquivos de Cabeçalho\imgui</Filter>
    </ClInclude>
    <ClInclude Include="imgui\imstb_truetype.h">
      <Filter>Arquivos de Cabeçalho\imgui</Filter>
    </ClInclude>
    <ClInclude Include="imgui\imgui_impl_dx11.h">
      <Filter>Arquivos de Cabeçalho\imgui</Filter>
    </ClInclude>
    <ClInclude Include="imgui\imgui_internal.h">
      <Filter>Arquivos de Cabeçalho\imgui</Filter>
    </ClInclude>
    <ClInclude Include="imgui\imgui.h">
      <Filter>Arquivos de Cabeçalho\imgui</Filter>
    </ClInclude>
    <ClInclude Include="imgui\imconfig.h">
      <Filter>Arquivos de Cabeçalho\imgui</Filter>
    </ClInclude>
    <ClInclude Include="..\..\..\..\Downloads\imgui-1.92.8\backends\imgui_impl_win32.h">
      <Filter>Arquivos de Cabeçalho\imgui</Filter>
    </ClInclude>
  </ItemGroup>
  <ItemGroup>
    <ClCompile Include="Bus.cpp">
      <Filter>Arquivos de Origem</Filter>
    </ClCompile>
    <ClCompile Include="olc2C02.cpp">
      <Filter>Arquivos de Origem\PPU</Filter>
    </ClCompile>
    <ClCompile Include="olc6502.cpp">
      <Filter>Arquivos de Origem\CPU</Filter>
    </ClCompile>
    <ClCompile Include="Testing.cpp">
      <Filter>Arquivos de Origem</Filter>
    </ClCompile>
    <ClCompile Include="Cartridge.cpp">
      <Filter>Arquivos de Origem\Cartridge</Filter>
    </ClCompile>
    <ClCompile Include="Mapper.cpp">
      <Filter>Arquivos de Origem\Mappers</Filter>
    </ClCompile>
    <ClCompile Include="Mapper_000.cpp">
      <Filter>Arquivos de Origem\Mappers</Filter>
    </ClCompile>
    <ClCompile Include="Main.cpp">
      <Filter>Arquivos de Origem</Filter>
    </ClCompile>
    <ClCompile Include="imgui\imgui_widgets.cpp">
      <Filter>Arquivos de Origem\imgui</Filter>
    </ClCompile>
    <ClCompile Include="imgui\imgui_tables.cpp">
      <Filter>Arquivos de Origem\imgui</Filter>
    </ClCompile>
    <ClCompile Include="imgui\imgui_demo.cpp">
      <Filter>Arquivos de Origem\imgui</Filter>
    </ClCompile>
    <ClCompile Include="imgui\imgui_draw.cpp">
      <Filter>Arquivos de Origem\imgui</Filter>
    </ClCompile>
    <ClCompile Include="imgui\imgui_impl_dx11.cpp">
      <Filter>Arquivos de Origem\imgui</Filter>
    </ClCompile>
    <ClCompile Include="imgui\imgui.cpp">
      <Filter>Arquivos de Origem\imgui</Filter>
    </ClCompile>
    <ClCompile Include="..\..\..\..\Downloads\imgui-1.92.8\backends\imgui_impl_win32.cpp">
      <Filter>Arquivos de Origem\imgui</Filter>
    </ClCompile>
  </ItemGroup>
</Project>